
Microsoft Visual Studio Solution File, Format Version 12.00
# Visual Studio Version 17
VisualStudioVersion = 17.11.35219.272
MinimumVisualStudioVersion = 10.0.40219.1
Project("{2150E333-8FDC-42A3-9474-1A3956D46DE8}") = "src", "src", "{7F7E8AA4-454D-4257-95A5-FE615B7DBD36}"
EndProject
Project("{9A19103F-16F7-4668-BE54-9A1E7A4F7556}") = "Microservicio.PersonaCliente.API", "src\Microservicio.PersonaCliente.API\Microservicio.PersonaCliente.API.csproj", "{29101FA2-6858-435A-BE5A-CCCAE18B8443}"
EndProject
Project("{9A19103F-16F7-4668-BE54-9A1E7A4F7556}") = "Microservicio.PersonaCliente.Aplicacion", "src\Microservicio.PersonaCliente.Aplicacion\Microservicio.PersonaCliente.Aplicacion.csproj", "{B013A81A-EDB5-4D98-A4B6-443C35099039}"
EndProject
Project("{9A19103F-16F7-4668-BE54-9A1E7A4F7556}") = "Microservicio.PersonaCliente.Dominio", "src\Microservicio.PersonaCliente.Dominio\Microservicio.PersonaCliente.Dominio.csproj", "{6157F741-3912-4556-90A3-B67C4094C696}"
EndProject
Project("{9A19103F-16F7-4668-BE54-9A1E7A4F7556}") = "Microservicio.PersonaCliente.Infraestructura", "src\Microservicio.PersonaCliente.Infraestructura\Microservicio.PersonaCliente.Infraestructura.csproj", "{7A8259CA-E2AC-4B43-9F62-2AFE1AEB59AB}"
EndProject
Project("{2150E333-8FDC-42A3-9474-1A3956D46DE8}") = "tests", "tests", "{32968C0E-E2F5-416B-95D1-CE67770E5F89}"
EndProject
Project("{9A19103F-16F7-4668-BE54-9A1E7A4F7556}") = "Microservicio.PersonaCliente.Tests", "tests\Microservicio.PersonaCliente.Tests\Microservicio.PersonaCliente.Tests.csproj", "{DB525D73-A11C-4226-A58C-7AC1343974DD}"
EndProject
Global
	GlobalSection(SolutionConfigurationPlatforms) = preSolution
		Debug|Any CPU = Debug|Any CPU
		Release|Any CPU = Release|Any CPU
	EndGlobalSection
	GlobalSection(ProjectConfigurationPlatforms) = postSolution
		{29101FA2-6858-435A-BE5A-CCCAE18B8443}.Debug|Any CPU.ActiveCfg = Debug|Any CPU
		{29101FA2-6858-435A-BE5A-CCCAE18B8443}.Debug|Any CPU.Build.0 = Debug|Any CPU
		{29101FA2-6858-435A-BE5A-CCCAE18B8443}.Release|Any CPU.ActiveCfg = Release|Any CPU
		{29101FA2-6858-435A-BE5A-CCCAE18B8443}.Release|Any CPU.Build.0 = Release|Any CPU
		{B013A81A-EDB5-4D98-A4B6-443C35099039}.Debug|Any CPU.ActiveCfg = Debug|Any CPU
		{B013A81A-EDB5-4D98-A4B6-443C35099039}.Debug|Any CPU.Build.0 = Debug|Any CPU
		{B013A81A-EDB5-4D98-A4B6-443C35099039}.Release|Any CPU.ActiveCfg = Release|Any CPU
		{B013A81A-EDB5-4D98-A4B6-443C35099039}.Release|Any CPU.Build.0 = Release|Any CPU
		{6157F741-3912-4556-90A3-B67C4094C696}.Debug|Any CPU.ActiveCfg = Debug|Any CPU
		{6157F741-3912-4556-90A3-B67C4094C696}.Debug|Any CPU.Build.0 = Debug|Any CPU
		{6157F741-3912-4556-90A3-B67C4094C696}.Release|Any CPU.ActiveCfg = Release|Any CPU
		{6157F741-3912-4556-90A3-B67C4094C696}.Release|Any CPU.Build.0 = Release|Any CPU
		{7A8259CA-E2AC-4B43-9F62-2AFE1AEB59AB}.Debug|Any CPU.ActiveCfg = Debug|Any CPU
		{7A8259CA-E2AC-4B43-9F62-2AFE1AEB59AB}.Debug|Any CPU.Build.0 = Debug|Any CPU
		{7A8259CA-E2AC-4B43-9F62-2AFE1AEB59AB}.Release|Any CPU.ActiveCfg = Release|Any CPU
		{7A8259CA-E2AC-4B43-9F62-2AFE1AEB59AB}.Release|Any CPU.Build.0 = Release|Any CPU
		{DB525D73-A11C-4226-A58C-7AC1343974DD}.Debug|Any CPU.ActiveCfg = Debug|Any CPU
		{DB525D73-A11C-4226-A58C-7AC1343974DD}.Debug|Any CPU.Build.0 = Debug|Any CPU
		{DB525D73-A11C-4226-A58C-7AC1343974DD}.Release|Any CPU.ActiveCfg = Release|Any CPU
		{DB525D73-A11C-4226-A58C-7AC1343974DD}.Release|Any CPU.Build.0 = Release|Any CPU
	EndGlobalSection
	GlobalSection(SolutionProperties) = preSolution
		HideSolutionNode = FALSE
	EndGlobalSection
	GlobalSection(NestedProjects) = preSolution
		{29101FA2-6858-435A-BE5A-CCCAE18B8443} = {7F7E8AA4-454D-4257-95A5-FE615B7DBD36}
		{B013A81A-EDB5-4D98-A4B6-443C35099039} = {7F7E8AA4-454D-4257-95A5-FE615B7DBD36}
		{6157F741-3912-4556-90A3-B67C4094C696} = {7F7E8AA4-454D-4257-95A5-FE615B7DBD36}
		{7A8259CA-E2AC-4B43-9F62-2AFE1AEB59AB} = {7F7E8AA4-454D-4257-95A5-FE615B7DBD36}
		{DB525D73-A11C-4226-A58C-7AC1343974DD} = {32968C0E-E2F5-416B-95D1-CE67770E5F89}
	EndGlobalSection
	GlobalSection(ExtensibilityGlobals) = postSolution
		SolutionGuid = {A8582864-6B18-40DB-90DA-1418DA19E7CC}
	EndGlobalSection
EndGlobal
